
Microsoft Visual Studio Solution File, Format Version 12.00
# Visual Studio 2013
VisualStudioVersion = 12.0.30110.0
MinimumVisualStudioVersion = 10.0.40219.1
Project("{FAE04EC0-301F-11D3-BF4B-00C04F79EFBC}") = "hamming", "hamming\hamming.csproj", "{232DA2D4-53D8-4D52-8451-B3FC643A773B}"
EndProject
Global
	GlobalSection(SolutionConfigurationPlatforms) = preSolution
		Debug|Any CPU = Debug|Any CPU
		Release|Any CPU = Release|Any CPU
	EndGlobalSection
	GlobalSection(ProjectConfigurationPlatforms) = postSolution
		{232DA2D4-53D8-4D52-8451-B3FC643A773B}.Debug|Any CPU.ActiveCfg = Debug|Any CPU
		{232DA2D4-53D8-4D52-8451-B3FC643A773B}.Debug|Any CPU.Build.0 = Debug|Any CPU
		{232DA2D4-53D8-4D52-8451-B3FC643A773B}.Release|Any CPU.ActiveCfg = Release|Any CPU
		{232DA2D4-53D8-4D52-8451-B3FC643A773B}.Release|Any CPU.Build.0 = Release|Any CPU
	EndGlobalSection
	GlobalSection(SolutionProperties) = preSolution
		HideSolutionNode = FALSE
	EndGlobalSection
EndGlobal
